{
  "name": "PersonalWebsiteMVC",
  "lockfileVersion": 3,
  "requires": true,
  "packages": {
    "": {
      "dependencies": {
        "jquery-breakpoints": "^1.8.1"
      }
    },
    "node_modules/jquery-breakpoints": {
      "version": "1.8.1",
      "resolved": "https://registry.npmjs.org/jquery-breakpoints/-/jquery-breakpoints-1.8.1.tgz",
      "integrity": "sha512-b+duwVMnKUV5+uZ5S8vLtJoTV5vPypEU6V5cOn9YypsThnWjkdAqJIBbDNqCGFsV8P/a3s3t14FMjtR88JsNGQ=="
    }
  }
}
